
Microsoft Visual Studio Solution File, Format Version 12.00
# Visual Studio 2013
VisualStudioVersion = 12.0.21005.1
MinimumVisualStudioVersion = 10.0.40219.1
Project("{8BC9CEB8-8B4A-11D0-8D11-00A0C91BC942}") = "KPI C-Sharp Lexical Analyzer", "KPI C-Sharp Lexical Analyzer.vcxproj", "{A395B567-B3A6-4656-BB9B-E8330ECA3144}"
EndProject
Global
	GlobalSection(SolutionConfigurationPlatforms) = preSolution
		Debug (Syntax Analyzer Console)|Win32 = Debug (Syntax Analyzer Console)|Win32
		Debug (Syntax Analyzer GUI)|Win32 = Debug (Syntax Analyzer GUI)|Win32
		Release (Syntax Analyzer Console)|Win32 = Release (Syntax Analyzer Console)|Win32
		Release (Syntax Analyzer GUI)|Win32 = Release (Syntax Analyzer GUI)|Win32
	EndGlobalSection
	GlobalSection(ProjectConfigurationPlatforms) = postSolution
		{A395B567-B3A6-4656-BB9B-E8330ECA3144}.Debug (Syntax Analyzer Console)|Win32.ActiveCfg = Debug (Syntax Analyzer Console)|Win32
		{A395B567-B3A6-4656-BB9B-E8330ECA3144}.Debug (Syntax Analyzer Console)|Win32.Build.0 = Debug (Syntax Analyzer Console)|Win32
		{A395B567-B3A6-4656-BB9B-E8330ECA3144}.Debug (Syntax Analyzer GUI)|Win32.ActiveCfg = Debug (Syntax Analyzer GUI)|Win32
		{A395B567-B3A6-4656-BB9B-E8330ECA3144}.Debug (Syntax Analyzer GUI)|Win32.Build.0 = Debug (Syntax Analyzer GUI)|Win32
		{A395B567-B3A6-4656-BB9B-E8330ECA3144}.Release (Syntax Analyzer Console)|Win32.ActiveCfg = Release (Syntax Analyzer Console)|Win32
		{A395B567-B3A6-4656-BB9B-E8330ECA3144}.Release (Syntax Analyzer Console)|Win32.Build.0 = Release (Syntax Analyzer Console)|Win32
		{A395B567-B3A6-4656-BB9B-E8330ECA3144}.Release (Syntax Analyzer GUI)|Win32.ActiveCfg = Release (Syntax Analyzer GUI)|Win32
		{A395B567-B3A6-4656-BB9B-E8330ECA3144}.Release (Syntax Analyzer GUI)|Win32.Build.0 = Release (Syntax Analyzer GUI)|Win32
	EndGlobalSection
	GlobalSection(SolutionProperties) = preSolution
		HideSolutionNode = FALSE
	EndGlobalSection
EndGlobal
